<?xml version="1.0" encoding="utf-8"?>
<Project ToolsVersion="4.0" xmlns="http://schemas.microsoft.com/developer/msbuild/2003">
  <ItemGroup>
    <ClCompile Include="$(MSBuildThisFileDirectory)..\..\lib\native\src\gtest\gtest-all.cc" />
    <ClCompile Include="$(MSBuildThisFileDirectory)..\..\lib\native\src\gmock\gmock-all.cc" />
  </ItemGroup>
  <ItemGroup>
    <None Include="packages.config" />
  </ItemGroup>
  <ItemGroup>
    <Filter Include="Conv1D">
      <UniqueIdentifier>{d6763c83-5d1c-497d-b74e-d83b15a4cbaf}</UniqueIdentifier>
    </Filter>
    <Filter Include="Conv2D">
      <UniqueIdentifier>{e8763c83-5d1c-497d-b74e-d83b15a4cbaf}</UniqueIdentifier>
    </Filter>
  </ItemGroup>
  <ItemGroup>
    <CudaCompile Include="max_pooling_1D_gtest.cu">
      <Filter>Conv1D</Filter>
    </CudaCompile>
    <CudaCompile Include="gtest_main.cu" />
    <CudaCompile Include="average_pooling_1D_gtest.cu">
      <Filter>Conv1D</Filter>
    </CudaCompile>
    <CudaCompile Include="deform_conv2d_gtest.cu">
      <Filter>Conv2D</Filter>
    </CudaCompile>
  </ItemGroup>
  <ItemGroup>
    <ClInclude Include="gtest_header.cuh" />
  </ItemGroup>
</Project>